
Microsoft Visual Studio Solution File, Format Version 12.00
# Visual Studio Version 17
VisualStudioVersion = 17.9.34607.119
MinimumVisualStudioVersion = 10.0.40219.1
Project("{FAE04EC0-301F-11D3-BF4B-00C04F79EFBC}") = "DevEnterprise.Html2Pdf.Service", "DevEnterprise.Html2Pdf.Service.csproj", "{B554BE97-0520-4FF7-B876-2C02907E0410}"
EndProject
Global
	GlobalSection(SolutionConfigurationPlatforms) = preSolution
		Debug|Any CPU = Debug|Any CPU
		Release|Any CPU = Release|Any CPU
	EndGlobalSection
	GlobalSection(ProjectConfigurationPlatforms) = postSolution
		{B554BE97-0520-4FF7-B876-2C02907E0410}.Debug|Any CPU.ActiveCfg = Debug|Any CPU
		{B554BE97-0520-4FF7-B876-2C02907E0410}.Debug|Any CPU.Build.0 = Debug|Any CPU
		{B554BE97-0520-4FF7-B876-2C02907E0410}.Release|Any CPU.ActiveCfg = Release|Any CPU
		{B554BE97-0520-4FF7-B876-2C02907E0410}.Release|Any CPU.Build.0 = Release|Any CPU
	EndGlobalSection
	GlobalSection(SolutionProperties) = preSolution
		HideSolutionNode = FALSE
	EndGlobalSection
	GlobalSection(ExtensibilityGlobals) = postSolution
		SolutionGuid = {58EAE61E-F24E-4625-8C8A-532A34A799F2}
	EndGlobalSection
EndGlobal
